{
  "name": "pwa-resources",
  "lockfileVersion": 2,
  "requires": true,
  "packages": {
    "": {
      "dependencies": {
        "idb": "^7.0.0",
        "preact": "^10.6.6",
        "preact-iso": "^2.3.0"
      },
      "devDependencies": {
        "@types/node": "^17.0.21",
        "browserslist": "^4.20.0",
        "caniuse-lite": "^1.0.30001314",
        "rollup": "^2.70.1",
        "typescript": "^4.6.2",
        "wmr": "^3.7.2"
      }
    },
    "node_modules/@types/node": {
      "version": "17.0.21",
      "resolved": "https://registry.npmjs.org/@types/node/-/node-17.0.21.tgz",
      "integrity": "sha512-DBZCJbhII3r90XbQxI8Y9IjjiiOGlZ0Hr32omXIZvwwZ7p4DMMXGrKXVyPfuoBOri9XNtL0UK69jYIBIsRX3QQ==",
      "dev": true
    },
    "node_modules/browserslist": {
      "version": "4.20.0",
      "resolved": "https://registry.npmjs.org/browserslist/-/browserslist-4.20.0.tgz",
      "integrity": "sha512-bnpOoa+DownbciXj0jVGENf8VYQnE2LNWomhYuCsMmmx9Jd9lwq0WXODuwpSsp8AVdKM2/HorrzxAfbKvWTByQ==",
      "dev": true,
      "dependencies": {
        "caniuse-lite": "^1.0.30001313",
        "electron-to-chromium": "^1.4.76",
        "escalade": "^3.1.1",
        "node-releases": "^2.0.2",
        "picocolors": "^1.0.0"
      },
      "bin": {
        "browserslist": "cli.js"
      },
      "engines": {
        "node": "^6 || ^7 || ^8 || ^9 || ^10 || ^11 || ^12 || >=13.7"
      },
      "funding": {
        "type": "opencollective",
        "url": "https://opencollective.com/browserslist"
      }
    },
    "node_modules/caniuse-lite": {
      "version": "1.0.30001314",
      "resolved": "https://registry.npmjs.org/caniuse-lite/-/caniuse-lite-1.0.30001314.tgz",
      "integrity": "sha512-0zaSO+TnCHtHJIbpLroX7nsD+vYuOVjl3uzFbJO1wMVbuveJA0RK2WcQA9ZUIOiO0/ArMiMgHJLxfEZhQiC0kw==",
      "dev": true,
      "funding": {
        "type": "opencollective",
        "url": "https://opencollective.com/browserslist"
      }
    },
    "node_modules/electron-to-chromium": {
      "version": "1.4.81",
      "resolved": "https://registry.npmjs.org/electron-to-chromium/-/electron-to-chromium-1.4.81.tgz",
      "integrity": "sha512-Gs7xVpIZ7tYYSDA+WgpzwpPvfGwUk3KSIjJ0akuj5XQHFdyQnsUoM76EA4CIHXNLPiVwTwOFay9RMb0ChG3OBw==",
      "dev": true
    },
    "node_modules/escalade": {
      "version": "3.1.1",
      "resolved": "https://registry.npmjs.org/escalade/-/escalade-3.1.1.tgz",
      "integrity": "sha512-k0er2gUkLf8O0zKJiAhmkTnJlTvINGv7ygDNPbeIsX/TJjGJZHuh9B2UxbsaEkmlEo9MfhrSzmhIlhRlI2GXnw==",
      "dev": true,
      "engines": {
        "node": ">=6"
      }
    },
    "node_modules/fsevents": {
      "version": "2.3.2",
      "resolved": "https://registry.npmjs.org/fsevents/-/fsevents-2.3.2.tgz",
      "integrity": "sha512-xiqMQR4xAeHTuB9uWm+fFRcIOgKBMiOBP+eXiyT7jsgVCq1bkVygt00oASowB7EdtpOHaaPgKt812P9ab+DDKA==",
      "dev": true,
      "hasInstallScript": true,
      "optional": true,
      "os": [
        "darwin"
      ],
      "engines": {
        "node": "^8.16.0 || ^10.6.0 || >=11.0.0"
      }
    },
    "node_modules/idb": {
      "version": "7.0.0",
      "resolved": "https://registry.npmjs.org/idb/-/idb-7.0.0.tgz",
      "integrity": "sha512-jSx0WOY9Nj+QzP6wX5e7g64jqh8ExtDs/IAuOrOEZCD/h6+0HqyrKsDMfdJc0hqhSvh0LsrwqrkDn+EtjjzSRA=="
    },
    "node_modules/node-releases": {
      "version": "2.0.2",
      "resolved": "https://registry.npmjs.org/node-releases/-/node-releases-2.0.2.tgz",
      "integrity": "sha512-XxYDdcQ6eKqp/YjI+tb2C5WM2LgjnZrfYg4vgQt49EK268b6gYCHsBLrK2qvJo4FmCtqmKezb0WZFK4fkrZNsg==",
      "dev": true
    },
    "node_modules/picocolors": {
      "version": "1.0.0",
      "resolved": "https://registry.npmjs.org/picocolors/-/picocolors-1.0.0.tgz",
      "integrity": "sha512-1fygroTLlHu66zi26VoTDv8yRgm0Fccecssto+MhsZ0D/DGW2sm8E8AjW7NU5VVTRt5GxbeZ5qBuJr+HyLYkjQ==",
      "dev": true
    },
    "node_modules/preact": {
      "version": "10.6.6",
      "resolved": "https://registry.npmjs.org/preact/-/preact-10.6.6.tgz",
      "integrity": "sha512-dgxpTFV2vs4vizwKohYKkk7g7rmp1wOOcfd4Tz3IB3Wi+ivZzsn/SpeKJhRENSE+n8sUfsAl4S3HiCVT923ABw==",
      "funding": {
        "type": "opencollective",
        "url": "https://opencollective.com/preact"
      }
    },
    "node_modules/preact-iso": {
      "version": "2.3.0",
      "resolved": "https://registry.npmjs.org/preact-iso/-/preact-iso-2.3.0.tgz",
      "integrity": "sha512-taJmRidbWrjHEhoVoxXS2Kvxa6X3jXSsTtD7rSYeJuxnPNr1ghCu1JUzCrRxmZwTUNWIqwUpNi+AJoLtvCPN7g==",
      "peerDependencies": {
        "preact": ">=10",
        "preact-render-to-string": ">=5"
      }
    },
    "node_modules/preact-render-to-string": {
      "version": "5.1.20",
      "resolved": "https://registry.npmjs.org/preact-render-to-string/-/preact-render-to-string-5.1.20.tgz",
      "integrity": "sha512-ivh2oOGzth0o7XqbatWUQ81WQGoJwSqDKP5z917SoqTWYCAr7dlBzMv3SAMTAu3Gr5g47BJwrvyO44H2Y10ubg==",
      "peer": true,
      "dependencies": {
        "pretty-format": "^3.8.0"
      },
      "peerDependencies": {
        "preact": ">=10"
      }
    },
    "node_modules/pretty-format": {
      "version": "3.8.0",
      "resolved": "https://registry.npmjs.org/pretty-format/-/pretty-format-3.8.0.tgz",
      "integrity": "sha1-v77VbV6ad2ZF9LH/eqGjrE+jw4U=",
      "peer": true
    },
    "node_modules/rollup": {
      "version": "2.70.1",
      "resolved": "https://registry.npmjs.org/rollup/-/rollup-2.70.1.tgz",
      "integrity": "sha512-CRYsI5EuzLbXdxC6RnYhOuRdtz4bhejPMSWjsFLfVM/7w/85n2szZv6yExqUXsBdz5KT8eoubeyDUDjhLHEslA==",
      "dev": true,
      "bin": {
        "rollup": "dist/bin/rollup"
      },
      "engines": {
        "node": ">=10.0.0"
      },
      "optionalDependencies": {
        "fsevents": "~2.3.2"
      }
    },
    "node_modules/typescript": {
      "version": "4.6.2",
      "resolved": "https://registry.npmjs.org/typescript/-/typescript-4.6.2.tgz",
      "integrity": "sha512-HM/hFigTBHZhLXshn9sN37H085+hQGeJHJ/X7LpBWLID/fbc2acUMfU+lGD98X81sKP+pFa9f0DZmCwB9GnbAg==",
      "dev": true,
      "bin": {
        "tsc": "bin/tsc",
        "tsserver": "bin/tsserver"
      },
      "engines": {
        "node": ">=4.2.0"
      }
    },
    "node_modules/wmr": {
      "version": "3.7.2",
      "resolved": "https://registry.npmjs.org/wmr/-/wmr-3.7.2.tgz",
      "integrity": "sha512-i+e/T8J067qP2pBgq6E2gaW9qMGK+D9eGue85YM0Vflc2UuzXBP3fSS5PzvyHEKuPHZWmcFBmZRs6DU9Lkr9og==",
      "dev": true,
      "bin": {
        "wmr": "wmr.cjs"
      },
      "engines": {
        "node": ">=12.17.x"
      },
      "optionalDependencies": {
        "fsevents": "^2.1.3"
      }
    }
  },
  "dependencies": {
    "@types/node": {
      "version": "17.0.21",
      "resolved": "https://registry.npmjs.org/@types/node/-/node-17.0.21.tgz",
      "integrity": "sha512-DBZCJbhII3r90XbQxI8Y9IjjiiOGlZ0Hr32omXIZvwwZ7p4DMMXGrKXVyPfuoBOri9XNtL0UK69jYIBIsRX3QQ==",
      "dev": true
    },
    "browserslist": {
      "version": "4.20.0",
      "resolved": "https://registry.npmjs.org/browserslist/-/browserslist-4.20.0.tgz",
      "integrity": "sha512-bnpOoa+DownbciXj0jVGENf8VYQnE2LNWomhYuCsMmmx9Jd9lwq0WXODuwpSsp8AVdKM2/HorrzxAfbKvWTByQ==",
      "dev": true,
      "requires": {
        "caniuse-lite": "^1.0.30001313",
        "electron-to-chromium": "^1.4.76",
        "escalade": "^3.1.1",
        "node-releases": "^2.0.2",
        "picocolors": "^1.0.0"
      }
    },
    "caniuse-lite": {
      "version": "1.0.30001314",
      "resolved": "https://registry.npmjs.org/caniuse-lite/-/caniuse-lite-1.0.30001314.tgz",
      "integrity": "sha512-0zaSO+TnCHtHJIbpLroX7nsD+vYuOVjl3uzFbJO1wMVbuveJA0RK2WcQA9ZUIOiO0/ArMiMgHJLxfEZhQiC0kw==",
      "dev": true
    },
    "electron-to-chromium": {
      "version": "1.4.81",
      "resolved": "https://registry.npmjs.org/electron-to-chromium/-/electron-to-chromium-1.4.81.tgz",
      "integrity": "sha512-Gs7xVpIZ7tYYSDA+WgpzwpPvfGwUk3KSIjJ0akuj5XQHFdyQnsUoM76EA4CIHXNLPiVwTwOFay9RMb0ChG3OBw==",
      "dev": true
    },
    "escalade": {
      "version": "3.1.1",
      "resolved": "https://registry.npmjs.org/escalade/-/escalade-3.1.1.tgz",
      "integrity": "sha512-k0er2gUkLf8O0zKJiAhmkTnJlTvINGv7ygDNPbeIsX/TJjGJZHuh9B2UxbsaEkmlEo9MfhrSzmhIlhRlI2GXnw==",
      "dev": true
    },
    "fsevents": {
      "version": "2.3.2",
      "resolved": "https://registry.npmjs.org/fsevents/-/fsevents-2.3.2.tgz",
      "integrity": "sha512-xiqMQR4xAeHTuB9uWm+fFRcIOgKBMiOBP+eXiyT7jsgVCq1bkVygt00oASowB7EdtpOHaaPgKt812P9ab+DDKA==",
      "dev": true,
      "optional": true
    },
    "idb": {
      "version": "7.0.0",
      "resolved": "https://registry.npmjs.org/idb/-/idb-7.0.0.tgz",
      "integrity": "sha512-jSx0WOY9Nj+QzP6wX5e7g64jqh8ExtDs/IAuOrOEZCD/h6+0HqyrKsDMfdJc0hqhSvh0LsrwqrkDn+EtjjzSRA=="
    },
    "node-releases": {
      "version": "2.0.2",
      "resolved": "https://registry.npmjs.org/node-releases/-/node-releases-2.0.2.tgz",
      "integrity": "sha512-XxYDdcQ6eKqp/YjI+tb2C5WM2LgjnZrfYg4vgQt49EK268b6gYCHsBLrK2qvJo4FmCtqmKezb0WZFK4fkrZNsg==",
      "dev": true
    },
    "picocolors": {
      "version": "1.0.0",
      "resolved": "https://registry.npmjs.org/picocolors/-/picocolors-1.0.0.tgz",
      "integrity": "sha512-1fygroTLlHu66zi26VoTDv8yRgm0Fccecssto+MhsZ0D/DGW2sm8E8AjW7NU5VVTRt5GxbeZ5qBuJr+HyLYkjQ==",
      "dev": true
    },
    "preact": {
      "version": "10.6.6",
      "resolved": "https://registry.npmjs.org/preact/-/preact-10.6.6.tgz",
      "integrity": "sha512-dgxpTFV2vs4vizwKohYKkk7g7rmp1wOOcfd4Tz3IB3Wi+ivZzsn/SpeKJhRENSE+n8sUfsAl4S3HiCVT923ABw=="
    },
    "preact-iso": {
      "version": "2.3.0",
      "resolved": "https://registry.npmjs.org/preact-iso/-/preact-iso-2.3.0.tgz",
      "integrity": "sha512-taJmRidbWrjHEhoVoxXS2Kvxa6X3jXSsTtD7rSYeJuxnPNr1ghCu1JUzCrRxmZwTUNWIqwUpNi+AJoLtvCPN7g==",
      "requires": {}
    },
    "preact-render-to-string": {
      "version": "5.1.20",
      "resolved": "https://registry.npmjs.org/preact-render-to-string/-/preact-render-to-string-5.1.20.tgz",
      "integrity": "sha512-ivh2oOGzth0o7XqbatWUQ81WQGoJwSqDKP5z917SoqTWYCAr7dlBzMv3SAMTAu3Gr5g47BJwrvyO44H2Y10ubg==",
      "peer": true,
      "requires": {
        "pretty-format": "^3.8.0"
      }
    },
    "pretty-format": {
      "version": "3.8.0",
      "resolved": "https://registry.npmjs.org/pretty-format/-/pretty-format-3.8.0.tgz",
      "integrity": "sha1-v77VbV6ad2ZF9LH/eqGjrE+jw4U=",
      "peer": true
    },
    "rollup": {
      "version": "2.70.1",
      "resolved": "https://registry.npmjs.org/rollup/-/rollup-2.70.1.tgz",
      "integrity": "sha512-CRYsI5EuzLbXdxC6RnYhOuRdtz4bhejPMSWjsFLfVM/7w/85n2szZv6yExqUXsBdz5KT8eoubeyDUDjhLHEslA==",
      "dev": true,
      "requires": {
        "fsevents": "~2.3.2"
      }
    },
    "typescript": {
      "version": "4.6.2",
      "resolved": "https://registry.npmjs.org/typescript/-/typescript-4.6.2.tgz",
      "integrity": "sha512-HM/hFigTBHZhLXshn9sN37H085+hQGeJHJ/X7LpBWLID/fbc2acUMfU+lGD98X81sKP+pFa9f0DZmCwB9GnbAg==",
      "dev": true
    },
    "wmr": {
      "version": "3.7.2",
      "resolved": "https://registry.npmjs.org/wmr/-/wmr-3.7.2.tgz",
      "integrity": "sha512-i+e/T8J067qP2pBgq6E2gaW9qMGK+D9eGue85YM0Vflc2UuzXBP3fSS5PzvyHEKuPHZWmcFBmZRs6DU9Lkr9og==",
      "dev": true,
      "requires": {
        "fsevents": "^2.1.3"
      }
    }
  }
}
